// !$*UTF8*$!
{
	archiveVersion = 1;
	classes = {
	};
	objectVersion = 51;
	objects = {

/* Begin PBXBuildFile section */
		091BC3802326256B00BA9E77 /* AppDelegate.m in Sources */ = {isa = PBXBuildFile; fileRef = 091BC37F2326256B00BA9E77 /* AppDelegate.m */; };
		091BC3832326256B00BA9E77 /* ViewController.m in Sources */ = {isa = PBXBuildFile; fileRef = 091BC3822326256B00BA9E77 /* ViewController.m */; };
		091BC3862326256B00BA9E77 /* Main.storyboard in Resources */ = {isa = PBXBuildFile; fileRef = 091BC3842326256B00BA9E77 /* Main.storyboard */; };
		091BC3882326256C00BA9E77 /* Assets.xcassets in Resources */ = {isa = PBXBuildFile; fileRef = 091BC3872326256C00BA9E77 /* Assets.xcassets */; };
		091BC38B2326256C00BA9E77 /* LaunchScreen.storyboard in Resources */ = {isa = PBXBuildFile; fileRef = 091BC3892326256C00BA9E77 /* LaunchScreen.storyboard */; };
		091BC38E2326256C00BA9E77 /* main.m in Sources */ = {isa = PBXBuildFile; fileRef = 091BC38D2326256C00BA9E77 /* main.m */; };
		091BC3982326256C00BA9E77 /* ProtobufDemoTests.m in Sources */ = {isa = PBXBuildFile; fileRef = 091BC3972326256C00BA9E77 /* ProtobufDemoTests.m */; };
		091BC3A32326256C00BA9E77 /* ProtobufDemoUITests.m in Sources */ = {isa = PBXBuildFile; fileRef = 091BC3A22326256C00BA9E77 /* ProtobufDemoUITests.m */; };
		091BC3B523263F7000BA9E77 /* GCDAsyncUdpSocket.m in Sources */ = {isa = PBXBuildFile; fileRef = 091BC3B123263F7000BA9E77 /* GCDAsyncUdpSocket.m */; };
		091BC3B623263F7000BA9E77 /* GCDAsyncSocket.m in Sources */ = {isa = PBXBuildFile; fileRef = 091BC3B223263F7000BA9E77 /* GCDAsyncSocket.m */; };
		091BC3BA23263FBB00BA9E77 /* Location.pbobjc.m in Sources */ = {isa = PBXBuildFile; fileRef = 091BC3B823263FBB00BA9E77 /* Location.pbobjc.m */; settings = {COMPILER_FLAGS = "-fno-objc-arc"; }; };
		09EA7772232F3CC5009E1E71 /* Message.pbobjc.m in Sources */ = {isa = PBXBuildFile; fileRef = 09EA7771232F3CC5009E1E71 /* Message.pbobjc.m */; settings = {COMPILER_FLAGS = "-fno-objc-arc"; }; };
		09EA777B232F50CA009E1E71 /* LCSocketDecoder.m in Sources */ = {isa = PBXBuildFile; fileRef = 09EA7776232F50CA009E1E71 /* LCSocketDecoder.m */; };
		09EA777C232F50CA009E1E71 /* LCSocketEncoder.m in Sources */ = {isa = PBXBuildFile; fileRef = 09EA7777232F50CA009E1E71 /* LCSocketEncoder.m */; };
		09EA777D232F50CA009E1E71 /* LCBaseSocket.m in Sources */ = {isa = PBXBuildFile; fileRef = 09EA7779232F50CA009E1E71 /* LCBaseSocket.m */; };
		09EA7780232F5157009E1E71 /* GSSocketManager.m in Sources */ = {isa = PBXBuildFile; fileRef = 09EA777E232F5157009E1E71 /* GSSocketManager.m */; };
		09EE792723321252002A9648 /* GSViewController.m in Sources */ = {isa = PBXBuildFile; fileRef = 09EE792623321252002A9648 /* GSViewController.m */; };
		72BE1329A9E2A2D2782C3E9A /* Pods_ProtobufDemo.framework in Frameworks */ = {isa = PBXBuildFile; fileRef = 1288537F1DB57BA65FACF540 /* Pods_ProtobufDemo.framework */; };
/* End PBXBuildFile section */

/* Begin PBXContainerItemProxy section */
		091BC3942326256C00BA9E77 /* PBXContainerItemProxy */ = {
			isa = PBXContainerItemProxy;
			containerPortal = 091BC3732326256B00BA9E77 /* Project object */;
			proxyType = 1;
			remoteGlobalIDString = 091BC37A2326256B00BA9E77;
			remoteInfo = ProtobufDemo;
		};
		091BC39F2326256C00BA9E77 /* PBXContainerItemProxy */ = {
			isa = PBXContainerItemProxy;
			containerPortal = 091BC3732326256B00BA9E77 /* Project object */;
			proxyType = 1;
			remoteGlobalIDString = 091BC37A2326256B00BA9E77;
			remoteInfo = ProtobufDemo;
		};
/* End PBXContainerItemProxy section */

/* Begin PBXFileReference section */
		091BC37B2326256B00BA9E77 /* ProtobufDemo.app */ = {isa = PBXFileReference; explicitFileType = wrapper.application; includeInIndex = 0; path = ProtobufDemo.app; sourceTree = BUILT_PRODUCTS_DIR; };
		091BC37E2326256B00BA9E77 /* AppDelegate.h */ = {isa = PBXFileReference; lastKnownFileType = sourcecode.c.h; path = AppDelegate.h; sourceTree = "<group>"; };
		091BC37F2326256B00BA9E77 /* AppDelegate.m */ = {isa = PBXFileReference; lastKnownFileType = sourcecode.c.objc; path = AppDelegate.m; sourceTree = "<group>"; };
		091BC3812326256B00BA9E77 /* ViewController.h */ = {isa = PBXFileReference; lastKnownFileType = sourcecode.c.h; path = ViewController.h; sourceTree = "<group>"; };
		091BC3822326256B00BA9E77 /* ViewController.m */ = {isa = PBXFileReference; lastKnownFileType = sourcecode.c.objc; path = ViewController.m; sourceTree = "<group>"; };
		091BC3852326256B00BA9E77 /* Base */ = {isa = PBXFileReference; lastKnownFileType = file.storyboard; name = Base; path = Base.lproj/Main.storyboard; sourceTree = "<group>"; };
		091BC3872326256C00BA9E77 /* Assets.xcassets */ = {isa = PBXFileReference; lastKnownFileType = folder.assetcatalog; path = Assets.xcassets; sourceTree = "<group>"; };
		091BC38A2326256C00BA9E77 /* Base */ = {isa = PBXFileReference; lastKnownFileType = file.storyboard; name = Base; path = Base.lproj/LaunchScreen.storyboard; sourceTree = "<group>"; };
		091BC38C2326256C00BA9E77 /* Info.plist */ = {isa = PBXFileReference; lastKnownFileType = text.plist.xml; path = Info.plist; sourceTree = "<group>"; };
		091BC38D2326256C00BA9E77 /* main.m */ = {isa = PBXFileReference; lastKnownFileType = sourcecode.c.objc; path = main.m; sourceTree = "<group>"; };
		091BC3932326256C00BA9E77 /* ProtobufDemoTests.xctest */ = {isa = PBXFileReference; explicitFileType = wrapper.cfbundle; includeInIndex = 0; path = ProtobufDemoTests.xctest; sourceTree = BUILT_PRODUCTS_DIR; };
		091BC3972326256C00BA9E77 /* ProtobufDemoTests.m */ = {isa = PBXFileReference; lastKnownFileType = sourcecode.c.objc; path = ProtobufDemoTests.m; sourceTree = "<group>"; };
		091BC3992326256C00BA9E77 /* Info.plist */ = {isa = PBXFileReference; lastKnownFileType = text.plist.xml; path = Info.plist; sourceTree = "<group>"; };
		091BC39E2326256C00BA9E77 /* ProtobufDemoUITests.xctest */ = {isa = PBXFileReference; explicitFileType = wrapper.cfbundle; includeInIndex = 0; path = ProtobufDemoUITests.xctest; sourceTree = BUILT_PRODUCTS_DIR; };
		091BC3A22326256C00BA9E77 /* ProtobufDemoUITests.m */ = {isa = PBXFileReference; lastKnownFileType = sourcecode.c.objc; path = ProtobufDemoUITests.m; sourceTree = "<group>"; };
		091BC3A42326256C00BA9E77 /* Info.plist */ = {isa = PBXFileReference; lastKnownFileType = text.plist.xml; path = Info.plist; sourceTree = "<group>"; };
		091BC3B123263F7000BA9E77 /* GCDAsyncUdpSocket.m */ = {isa = PBXFileReference; fileEncoding = 4; lastKnownFileType = sourcecode.c.objc; path = GCDAsyncUdpSocket.m; sourceTree = "<group>"; };
		091BC3B223263F7000BA9E77 /* GCDAsyncSocket.m */ = {isa = PBXFileReference; fileEncoding = 4; lastKnownFileType = sourcecode.c.objc; path = GCDAsyncSocket.m; sourceTree = "<group>"; };
		091BC3B323263F7000BA9E77 /* GCDAsyncUdpSocket.h */ = {isa = PBXFileReference; fileEncoding = 4; lastKnownFileType = sourcecode.c.h; path = GCDAsyncUdpSocket.h; sourceTree = "<group>"; };
		091BC3B423263F7000BA9E77 /* GCDAsyncSocket.h */ = {isa = PBXFileReference; fileEncoding = 4; lastKnownFileType = sourcecode.c.h; path = GCDAsyncSocket.h; sourceTree = "<group>"; };
		091BC3B823263FBB00BA9E77 /* Location.pbobjc.m */ = {isa = PBXFileReference; fileEncoding = 4; lastKnownFileType = sourcecode.c.objc; path = Location.pbobjc.m; sourceTree = "<group>"; };
		091BC3B923263FBB00BA9E77 /* Location.pbobjc.h */ = {isa = PBXFileReference; fileEncoding = 4; lastKnownFileType = sourcecode.c.h; path = Location.pbobjc.h; sourceTree = "<group>"; };
		09EA7770232F3CC5009E1E71 /* Message.pbobjc.h */ = {isa = PBXFileReference; fileEncoding = 4; lastKnownFileType = sourcecode.c.h; path = Message.pbobjc.h; sourceTree = "<group>"; };
		09EA7771232F3CC5009E1E71 /* Message.pbobjc.m */ = {isa = PBXFileReference; fileEncoding = 4; lastKnownFileType = sourcecode.c.objc; path = Message.pbobjc.m; sourceTree = "<group>"; };
		09EA7774232F50CA009E1E71 /* LCSocketEncoder.h */ = {isa = PBXFileReference; fileEncoding = 4; lastKnownFileType = sourcecode.c.h; path = LCSocketEncoder.h; sourceTree = "<group>"; };
		09EA7775232F50CA009E1E71 /* LCBaseSocket.h */ = {isa = PBXFileReference; fileEncoding = 4; lastKnownFileType = sourcecode.c.h; path = LCBaseSocket.h; sourceTree = "<group>"; };
		09EA7776232F50CA009E1E71 /* LCSocketDecoder.m */ = {isa = PBXFileReference; fileEncoding = 4; lastKnownFileType = sourcecode.c.objc; path = LCSocketDecoder.m; sourceTree = "<group>"; };
		09EA7777232F50CA009E1E71 /* LCSocketEncoder.m */ = {isa = PBXFileReference; fileEncoding = 4; lastKnownFileType = sourcecode.c.objc; path = LCSocketEncoder.m; sourceTree = "<group>"; };
		09EA7778232F50CA009E1E71 /* LCSocketDecoder.h */ = {isa = PBXFileReference; fileEncoding = 4; lastKnownFileType = sourcecode.c.h; path = LCSocketDecoder.h; sourceTree = "<group>"; };
		09EA7779232F50CA009E1E71 /* LCBaseSocket.m */ = {isa = PBXFileReference; fileEncoding = 4; lastKnownFileType = sourcecode.c.objc; path = LCBaseSocket.m; sourceTree = "<group>"; };
		09EA777A232F50CA009E1E71 /* LCSocketCoderProtocol.h */ = {isa = PBXFileReference; fileEncoding = 4; lastKnownFileType = sourcecode.c.h; path = LCSocketCoderProtocol.h; sourceTree = "<group>"; };
		09EA777E232F5157009E1E71 /* GSSocketManager.m */ = {isa = PBXFileReference; fileEncoding = 4; lastKnownFileType = sourcecode.c.objc; path = GSSocketManager.m; sourceTree = "<group>"; };
		09EA777F232F5157009E1E71 /* GSSocketManager.h */ = {isa = PBXFileReference; fileEncoding = 4; lastKnownFileType = sourcecode.c.h; path = GSSocketManager.h; sourceTree = "<group>"; };
		09EE792523321252002A9648 /* GSViewController.h */ = {isa = PBXFileReference; lastKnownFileType = sourcecode.c.h; path = GSViewController.h; sourceTree = "<group>"; };
		09EE792623321252002A9648 /* GSViewController.m */ = {isa = PBXFileReference; lastKnownFileType = sourcecode.c.objc; path = GSViewController.m; sourceTree = "<group>"; };
		1288537F1DB57BA65FACF540 /* Pods_ProtobufDemo.framework */ = {isa = PBXFileReference; explicitFileType = wrapper.framework; includeInIndex = 0; path = Pods_ProtobufDemo.framework; sourceTree = BUILT_PRODUCTS_DIR; };
		BA6E67CED12E583CCE2392BA /* Pods-ProtobufDemo.debug.xcconfig */ = {isa = PBXFileReference; includeInIndex = 1; lastKnownFileType = text.xcconfig; name = "Pods-ProtobufDemo.debug.xcconfig"; path = "Target Support Files/Pods-ProtobufDemo/Pods-ProtobufDemo.debug.xcconfig"; sourceTree = "<group>"; };
		E9C892618175EE781069087C /* Pods-ProtobufDemo.release.xcconfig */ = {isa = PBXFileReference; includeInIndex = 1; lastKnownFileType = text.xcconfig; name = "Pods-ProtobufDemo.release.xcconfig"; path = "Target Support Files/Pods-ProtobufDemo/Pods-ProtobufDemo.release.xcconfig"; sourceTree = "<group>"; };
/* End PBXFileReference section */

/* Begin PBXFrameworksBuildPhase section */
		091BC3782326256B00BA9E77 /* Frameworks */ = {
			isa = PBXFrameworksBuildPhase;
			buildActionMask = 2147483647;
			files = (
				72BE1329A9E2A2D2782C3E9A /* Pods_ProtobufDemo.framework in Frameworks */,
			);
			runOnlyForDeploymentPostprocessing = 0;
		};
		091BC3902326256C00BA9E77 /* Frameworks */ = {
			isa = PBXFrameworksBuildPhase;
			buildActionMask = 2147483647;
			files = (
			);
			runOnlyForDeploymentPostprocessing = 0;
		};
		091BC39B2326256C00BA9E77 /* Frameworks */ = {
			isa = PBXFrameworksBuildPhase;
			buildActionMask = 2147483647;
			files = (
			);
			runOnlyForDeploymentPostprocessing = 0;
		};
/* End PBXFrameworksBuildPhase section */

/* Begin PBXGroup section */
		091BC3722326256B00BA9E77 = {
			isa = PBXGroup;
			children = (
				091BC37D2326256B00BA9E77 /* ProtobufDemo */,
				091BC3962326256C00BA9E77 /* ProtobufDemoTests */,
				091BC3A12326256C00BA9E77 /* ProtobufDemoUITests */,
				091BC37C2326256B00BA9E77 /* Products */,
				D71B7F1919F5D3702A5B0645 /* Pods */,
				51109A2E8F5F24399C126132 /* Frameworks */,
			);
			sourceTree = "<group>";
		};
		091BC37C2326256B00BA9E77 /* Products */ = {
			isa = PBXGroup;
			children = (
				091BC37B2326256B00BA9E77 /* ProtobufDemo.app */,
				091BC3932326256C00BA9E77 /* ProtobufDemoTests.xctest */,
				091BC39E2326256C00BA9E77 /* ProtobufDemoUITests.xctest */,
			);
			name = Products;
			sourceTree = "<group>";
		};
		091BC37D2326256B00BA9E77 /* ProtobufDemo */ = {
			isa = PBXGroup;
			children = (
				09EE792423320DCB002A9648 /* SocketManager */,
				09EA7773232F50CA009E1E71 /* SocketEncode */,
				091BC3B723263FBB00BA9E77 /* Protobuf */,
				091BC3B023263F7000BA9E77 /* GCD */,
				091BC37E2326256B00BA9E77 /* AppDelegate.h */,
				091BC37F2326256B00BA9E77 /* AppDelegate.m */,
				091BC3812326256B00BA9E77 /* ViewController.h */,
				091BC3822326256B00BA9E77 /* ViewController.m */,
				09EE792523321252002A9648 /* GSViewController.h */,
				09EE792623321252002A9648 /* GSViewController.m */,
				091BC3842326256B00BA9E77 /* Main.storyboard */,
				091BC3872326256C00BA9E77 /* Assets.xcassets */,
				091BC3892326256C00BA9E77 /* LaunchScreen.storyboard */,
				091BC38C2326256C00BA9E77 /* Info.plist */,
				091BC38D2326256C00BA9E77 /* main.m */,
			);
			path = ProtobufDemo;
			sourceTree = "<group>";
		};
		091BC3962326256C00BA9E77 /* ProtobufDemoTests */ = {
			isa = PBXGroup;
			children = (
				091BC3972326256C00BA9E77 /* ProtobufDemoTests.m */,
				091BC3992326256C00BA9E77 /* Info.plist */,
			);
			path = ProtobufDemoTests;
			sourceTree = "<group>";
		};
		091BC3A12326256C00BA9E77 /* ProtobufDemoUITests */ = {
			isa = PBXGroup;
			children = (
				091BC3A22326256C00BA9E77 /* ProtobufDemoUITests.m */,
				091BC3A42326256C00BA9E77 /* Info.plist */,
			);
			path = ProtobufDemoUITests;
			sourceTree = "<group>";
		};
		091BC3B023263F7000BA9E77 /* GCD */ = {
			isa = PBXGroup;
			children = (
				091BC3B123263F7000BA9E77 /* GCDAsyncUdpSocket.m */,
				091BC3B223263F7000BA9E77 /* GCDAsyncSocket.m */,
				091BC3B323263F7000BA9E77 /* GCDAsyncUdpSocket.h */,
				091BC3B423263F7000BA9E77 /* GCDAsyncSocket.h */,
			);
			path = GCD;
			sourceTree = "<group>";
		};
		091BC3B723263FBB00BA9E77 /* Protobuf */ = {
			isa = PBXGroup;
			children = (
				09EA7770232F3CC5009E1E71 /* Message.pbobjc.h */,
				09EA7771232F3CC5009E1E71 /* Message.pbobjc.m */,
				091BC3B823263FBB00BA9E77 /* Location.pbobjc.m */,
				091BC3B923263FBB00BA9E77 /* Location.pbobjc.h */,
			);
			path = Protobuf;
			sourceTree = "<group>";
		};
		09EA7773232F50CA009E1E71 /* SocketEncode */ = {
			isa = PBXGroup;
			children = (
				09EA7774232F50CA009E1E71 /* LCSocketEncoder.h */,
				09EA7775232F50CA009E1E71 /* LCBaseSocket.h */,
				09EA7776232F50CA009E1E71 /* LCSocketDecoder.m */,
				09EA7777232F50CA009E1E71 /* LCSocketEncoder.m */,
				09EA7778232F50CA009E1E71 /* LCSocketDecoder.h */,
				09EA7779232F50CA009E1E71 /* LCBaseSocket.m */,
				09EA777A232F50CA009E1E71 /* LCSocketCoderProtocol.h */,
			);
			path = SocketEncode;
			sourceTree = "<group>";
		};
		09EE792423320DCB002A9648 /* SocketManager */ = {
			isa = PBXGroup;
			children = (
				09EA777F232F5157009E1E71 /* GSSocketManager.h */,
				09EA777E232F5157009E1E71 /* GSSocketManager.m */,
			);
			path = SocketManager;
			sourceTree = "<group>";
		};
		51109A2E8F5F24399C126132 /* Frameworks */ = {
			isa = PBXGroup;
			children = (
				1288537F1DB57BA65FACF540 /* Pods_ProtobufDemo.framework */,
			);
			name = Frameworks;
			sourceTree = "<group>";
		};
		D71B7F1919F5D3702A5B0645 /* Pods */ = {
			isa = PBXGroup;
			children = (
				BA6E67CED12E583CCE2392BA /* Pods-ProtobufDemo.debug.xcconfig */,
				E9C892618175EE781069087C /* Pods-ProtobufDemo.release.xcconfig */,
			);
			path = Pods;
			sourceTree = "<group>";
		};
/* End PBXGroup section */

/* Begin PBXNativeTarget section */
		091BC37A2326256B00BA9E77 /* ProtobufDemo */ = {
			isa = PBXNativeTarget;
			buildConfigurationList = 091BC3A72326256C00BA9E77 /* Build configuration list for PBXNativeTarget "ProtobufDemo" */;
			buildPhases = (
				70B83A7771B97C63476C2EF7 /* [CP] Check Pods Manifest.lock */,
				091BC3772326256B00BA9E77 /* Sources */,
				091BC3782326256B00BA9E77 /* Frameworks */,
				091BC3792326256B00BA9E77 /* Resources */,
				48D8F262A7CD1C4034F1429C /* [CP] Embed Pods Frameworks */,
			);
			buildRules = (
			);
			dependencies = (
			);
			name = ProtobufDemo;
			productName = ProtobufDemo;
			productReference = 091BC37B2326256B00BA9E77 /* ProtobufDemo.app */;
			productType = "com.apple.product-type.application";
		};
		091BC3922326256C00BA9E77 /* ProtobufDemoTests */ = {
			isa = PBXNativeTarget;
			buildConfigurationList = 091BC3AA2326256C00BA9E77 /* Build configuration list for PBXNativeTarget "ProtobufDemoTests" */;
			buildPhases = (
				091BC38F2326256C00BA9E77 /* Sources */,
				091BC3902326256C00BA9E77 /* Frameworks */,
				091BC3912326256C00BA9E77 /* Resources */,
			);
			buildRules = (
			);
			dependencies = (
				091BC3952326256C00BA9E77 /* PBXTargetDependency */,
			);
			name = ProtobufDemoTests;
			productName = ProtobufDemoTests;
			productReference = 091BC3932326256C00BA9E77 /* ProtobufDemoTests.xctest */;
			productType = "com.apple.product-type.bundle.unit-test";
		};
		091BC39D2326256C00BA9E77 /* ProtobufDemoUITests */ = {
			isa = PBXNativeTarget;
			buildConfigurationList = 091BC3AD2326256C00BA9E77 /* Build configuration list for PBXNativeTarget "ProtobufDemoUITests" */;
			buildPhases = (
				091BC39A2326256C00BA9E77 /* Sources */,
				091BC39B2326256C00BA9E77 /* Frameworks */,
				091BC39C2326256C00BA9E77 /* Resources */,
			);
			buildRules = (
			);
			dependencies = (
				091BC3A02326256C00BA9E77 /* PBXTargetDependency */,
			);
			name = ProtobufDemoUITests;
			productName = ProtobufDemoUITests;
			productReference = 091BC39E2326256C00BA9E77 /* ProtobufDemoUITests.xctest */;
			productType = "com.apple.product-type.bundle.ui-testing";
		};
/* End PBXNativeTarget section */

/* Begin PBXProject section */
		091BC3732326256B00BA9E77 /* Project object */ = {
			isa = PBXProject;
			attributes = {
				LastUpgradeCheck = 1030;
				ORGANIZATIONNAME = "大熊🐻";
				TargetAttributes = {
					091BC37A2326256B00BA9E77 = {
						CreatedOnToolsVersion = 10.3;
					};
					091BC3922326256C00BA9E77 = {
						CreatedOnToolsVersion = 10.3;
						TestTargetID = 091BC37A2326256B00BA9E77;
					};
					091BC39D2326256C00BA9E77 = {
						CreatedOnToolsVersion = 10.3;
						TestTargetID = 091BC37A2326256B00BA9E77;
					};
				};
			};
			buildConfigurationList = 091BC3762326256B00BA9E77 /* Build configuration list for PBXProject "ProtobufDemo" */;
			compatibilityVersion = "Xcode 9.3";
			developmentRegion = en;
			hasScannedForEncodings = 0;
			knownRegions = (
				en,
				Base,
			);
			mainGroup = 091BC3722326256B00BA9E77;
			productRefGroup = 091BC37C2326256B00BA9E77 /* Products */;
			projectDirPath = "";
			projectRoot = "";
			targets = (
				091BC37A2326256B00BA9E77 /* ProtobufDemo */,
				091BC3922326256C00BA9E77 /* ProtobufDemoTests */,
				091BC39D2326256C00BA9E77 /* ProtobufDemoUITests */,
			);
		};
/* End PBXProject section */

/* Begin PBXResourcesBuildPhase section */
		091BC3792326256B00BA9E77 /* Resources */ = {
			isa = PBXResourcesBuildPhase;
			buildActionMask = 2147483647;
			files = (
				091BC38B2326256C00BA9E77 /* LaunchScreen.storyboard in Resources */,
				091BC3882326256C00BA9E77 /* Assets.xcassets in Resources */,
				091BC3862326256B00BA9E77 /* Main.storyboard in Resources */,
			);
			runOnlyForDeploymentPostprocessing = 0;
		};
		091BC3912326256C00BA9E77 /* Resources */ = {
			isa = PBXResourcesBuildPhase;
			buildActionMask = 2147483647;
			files = (
			);
			runOnlyForDeploymentPostprocessing = 0;
		};
		091BC39C2326256C00BA9E77 /* Resources */ = {
			isa = PBXResourcesBuildPhase;
			buildActionMask = 2147483647;
			files = (
			);
			runOnlyForDeploymentPostprocessing = 0;
		};
/* End PBXResourcesBuildPhase section */

/* Begin PBXShellScriptBuildPhase section */
		48D8F262A7CD1C4034F1429C /* [CP] Embed Pods Frameworks */ = {
			isa = PBXShellScriptBuildPhase;
			buildActionMask = 2147483647;
			files = (
			);
			inputFileListPaths = (
				"${PODS_ROOT}/Target Support Files/Pods-ProtobufDemo/Pods-ProtobufDemo-frameworks-${CONFIGURATION}-input-files.xcfilelist",
			);
			name = "[CP] Embed Pods Frameworks";
			outputFileListPaths = (
				"${PODS_ROOT}/Target Support Files/Pods-ProtobufDemo/Pods-ProtobufDemo-frameworks-${CONFIGURATION}-output-files.xcfilelist",
			);
			runOnlyForDeploymentPostprocessing = 0;
			shellPath = /bin/sh;
			shellScript = "\"${PODS_ROOT}/Target Support Files/Pods-ProtobufDemo/Pods-ProtobufDemo-frameworks.sh\"\n";
			showEnvVarsInLog = 0;
		};
		70B83A7771B97C63476C2EF7 /* [CP] Check Pods Manifest.lock */ = {
			isa = PBXShellScriptBuildPhase;
			buildActionMask = 2147483647;
			files = (
			);
			inputFileListPaths = (
			);
			inputPaths = (
				"${PODS_PODFILE_DIR_PATH}/Podfile.lock",
				"${PODS_ROOT}/Manifest.lock",
			);
			name = "[CP] Check Pods Manifest.lock";
			outputFileListPaths = (
			);
			outputPaths = (
				"$(DERIVED_FILE_DIR)/Pods-ProtobufDemo-checkManifestLockResult.txt",
			);
			runOnlyForDeploymentPostprocessing = 0;
			shellPath = /bin/sh;
			shellScript = "diff \"${PODS_PODFILE_DIR_PATH}/Podfile.lock\" \"${PODS_ROOT}/Manifest.lock\" > /dev/null\nif [ $? != 0 ] ; then\n    # print error to STDERR\n    echo \"error: The sandbox is not in sync with the Podfile.lock. Run 'pod install' or update your CocoaPods installation.\" >&2\n    exit 1\nfi\n# This output is used by Xcode 'outputs' to avoid re-running this script phase.\necho \"SUCCESS\" > \"${SCRIPT_OUTPUT_FILE_0}\"\n";
			showEnvVarsInLog = 0;
		};
/* End PBXShellScriptBuildPhase section */

/* Begin PBXSourcesBuildPhase section */
		091BC3772326256B00BA9E77 /* Sources */ = {
			isa = PBXSourcesBuildPhase;
			buildActionMask = 2147483647;
			files = (
				091BC3B523263F7000BA9E77 /* GCDAsyncUdpSocket.m in Sources */,
				091BC3B623263F7000BA9E77 /* GCDAsyncSocket.m in Sources */,
				09EA777B232F50CA009E1E71 /* LCSocketDecoder.m in Sources */,
				091BC3832326256B00BA9E77 /* ViewController.m in Sources */,
				09EA7772232F3CC5009E1E71 /* Message.pbobjc.m in Sources */,
				09EA7780232F5157009E1E71 /* GSSocketManager.m in Sources */,
				091BC3BA23263FBB00BA9E77 /* Location.pbobjc.m in Sources */,
				09EA777D232F50CA009E1E71 /* LCBaseSocket.m in Sources */,
				091BC38E2326256C00BA9E77 /* main.m in Sources */,
				091BC3802326256B00BA9E77 /* AppDelegate.m in Sources */,
				09EE792723321252002A9648 /* GSViewController.m in Sources */,
				09EA777C232F50CA009E1E71 /* LCSocketEncoder.m in Sources */,
			);
			runOnlyForDeploymentPostprocessing = 0;
		};
		091BC38F2326256C00BA9E77 /* Sources */ = {
			isa = PBXSourcesBuildPhase;
			buildActionMask = 2147483647;
			files = (
				091BC3982326256C00BA9E77 /* ProtobufDemoTests.m in Sources */,
			);
			runOnlyForDeploymentPostprocessing = 0;
		};
		091BC39A2326256C00BA9E77 /* Sources */ = {
			isa = PBXSourcesBuildPhase;
			buildActionMask = 2147483647;
			files = (
				091BC3A32326256C00BA9E77 /* ProtobufDemoUITests.m in Sources */,
			);
			runOnlyForDeploymentPostprocessing = 0;
		};
/* End PBXSourcesBuildPhase section */

/* Begin PBXTargetDependency section */
		091BC3952326256C00BA9E77 /* PBXTargetDependency */ = {
			isa = PBXTargetDependency;
			target = 091BC37A2326256B00BA9E77 /* ProtobufDemo */;
			targetProxy = 091BC3942326256C00BA9E77 /* PBXContainerItemProxy */;
		};
		091BC3A02326256C00BA9E77 /* PBXTargetDependency */ = {
			isa = PBXTargetDependency;
			target = 091BC37A2326256B00BA9E77 /* ProtobufDemo */;
			targetProxy = 091BC39F2326256C00BA9E77 /* PBXContainerItemProxy */;
		};
/* End PBXTargetDependency section */

/* Begin PBXVariantGroup section */
		091BC3842326256B00BA9E77 /* Main.storyboard */ = {
			isa = PBXVariantGroup;
			children = (
				091BC3852326256B00BA9E77 /* Base */,
			);
			name = Main.storyboard;
			sourceTree = "<group>";
		};
		091BC3892326256C00BA9E77 /* LaunchScreen.storyboard */ = {
			isa = PBXVariantGroup;
			children = (
				091BC38A2326256C00BA9E77 /* Base */,
			);
			name = LaunchScreen.storyboard;
			sourceTree = "<group>";
		};
/* End PBXVariantGroup section */

/* Begin XCBuildConfiguration section */
		091BC3A52326256C00BA9E77 /* Debug */ = {
			isa = XCBuildConfiguration;
			buildSettings = {
				ALWAYS_SEARCH_USER_PATHS = NO;
				CLANG_ANALYZER_NONNULL = YES;
				CLANG_ANALYZER_NUMBER_OBJECT_CONVERSION = YES_AGGRESSIVE;
				CLANG_CXX_LANGUAGE_STANDARD = "gnu++14";
				CLANG_CXX_LIBRARY = "libc++";
				CLANG_ENABLE_MODULES = YES;
				CLANG_ENABLE_OBJC_ARC = YES;
				CLANG_ENABLE_OBJC_WEAK = YES;
				CLANG_WARN_BLOCK_CAPTURE_AUTORELEASING = YES;
				CLANG_WARN_BOOL_CONVERSION = YES;
				CLANG_WARN_COMMA = YES;
				CLANG_WARN_CONSTANT_CONVERSION = YES;
				CLANG_WARN_DEPRECATED_OBJC_IMPLEMENTATIONS = YES;
				CLANG_WARN_DIRECT_OBJC_ISA_USAGE = YES_ERROR;
				CLANG_WARN_DOCUMENTATION_COMMENTS = YES;
				CLANG_WARN_EMPTY_BODY = YES;
				CLANG_WARN_ENUM_CONVERSION = YES;
				CLANG_WARN_INFINITE_RECURSION = YES;
				CLANG_WARN_INT_CONVERSION = YES;
				CLANG_WARN_NON_LITERAL_NULL_CONVERSION = YES;
				CLANG_WARN_OBJC_IMPLICIT_RETAIN_SELF = YES;
				CLANG_WARN_OBJC_LITERAL_CONVERSION = YES;
				CLANG_WARN_OBJC_ROOT_CLASS = YES_ERROR;
				CLANG_WARN_RANGE_LOOP_ANALYSIS = YES;
				CLANG_WARN_STRICT_PROTOTYPES = YES;
				CLANG_WARN_SUSPICIOUS_MOVE = YES;
				CLANG_WARN_UNGUARDED_AVAILABILITY = YES_AGGRESSIVE;
				CLANG_WARN_UNREACHABLE_CODE = YES;
				CLANG_WARN__DUPLICATE_METHOD_MATCH = YES;
				CODE_SIGN_IDENTITY = "iPhone Developer";
				COPY_PHASE_STRIP = NO;
				DEBUG_INFORMATION_FORMAT = dwarf;
				ENABLE_STRICT_OBJC_MSGSEND = YES;
				ENABLE_TESTABILITY = YES;
				GCC_C_LANGUAGE_STANDARD = gnu11;
				GCC_DYNAMIC_NO_PIC = NO;
				GCC_NO_COMMON_BLOCKS = YES;
				GCC_OPTIMIZATION_LEVEL = 0;
				GCC_PREPROCESSOR_DEFINITIONS = (
					"DEBUG=1",
					"$(inherited)",
				);
				GCC_WARN_64_TO_32_BIT_CONVERSION = YES;
				GCC_WARN_ABOUT_RETURN_TYPE = YES_ERROR;
				GCC_WARN_UNDECLARED_SELECTOR = YES;
				GCC_WARN_UNINITIALIZED_AUTOS = YES_AGGRESSIVE;
				GCC_WARN_UNUSED_FUNCTION = YES;
				GCC_WARN_UNUSED_VARIABLE = YES;
				IPHONEOS_DEPLOYMENT_TARGET = 12.4;
				MTL_ENABLE_DEBUG_INFO = INCLUDE_SOURCE;
				MTL_FAST_MATH = YES;
				ONLY_ACTIVE_ARCH = YES;
				SDKROOT = iphoneos;
			};
			name = Debug;
		};
		091BC3A62326256C00BA9E77 /* Release */ = {
			isa = XCBuildConfiguration;
			buildSettings = {
				ALWAYS_SEARCH_USER_PATHS = NO;
				CLANG_ANALYZER_NONNULL = YES;
				CLANG_ANALYZER_NUMBER_OBJECT_CONVERSION = YES_AGGRESSIVE;
				CLANG_CXX_LANGUAGE_STANDARD = "gnu++14";
				CLANG_CXX_LIBRARY = "libc++";
				CLANG_ENABLE_MODULES = YES;
				CLANG_ENABLE_OBJC_ARC = YES;
				CLANG_ENABLE_OBJC_WEAK = YES;
				CLANG_WARN_BLOCK_CAPTURE_AUTORELEASING = YES;
				CLANG_WARN_BOOL_CONVERSION = YES;
				CLANG_WARN_COMMA = YES;
				CLANG_WARN_CONSTANT_CONVERSION = YES;
				CLANG_WARN_DEPRECATED_OBJC_IMPLEMENTATIONS = YES;
				CLANG_WARN_DIRECT_OBJC_ISA_USAGE = YES_ERROR;
				CLANG_WARN_DOCUMENTATION_COMMENTS = YES;
				CLANG_WARN_EMPTY_BODY = YES;
				CLANG_WARN_ENUM_CONVERSION = YES;
				CLANG_WARN_INFINITE_RECURSION = YES;
				CLANG_WARN_INT_CONVERSION = YES;
				CLANG_WARN_NON_LITERAL_NULL_CONVERSION = YES;
				CLANG_WARN_OBJC_IMPLICIT_RETAIN_SELF = YES;
				CLANG_WARN_OBJC_LITERAL_CONVERSION = YES;
				CLANG_WARN_OBJC_ROOT_CLASS = YES_ERROR;
				CLANG_WARN_RANGE_LOOP_ANALYSIS = YES;
				CLANG_WARN_STRICT_PROTOTYPES = YES;
				CLANG_WARN_SUSPICIOUS_MOVE = YES;
				CLANG_WARN_UNGUARDED_AVAILABILITY = YES_AGGRESSIVE;
				CLANG_WARN_UNREACHABLE_CODE = YES;
				CLANG_WARN__DUPLICATE_METHOD_MATCH = YES;
				CODE_SIGN_IDENTITY = "iPhone Developer";
				COPY_PHASE_STRIP = NO;
				DEBUG_INFORMATION_FORMAT = "dwarf-with-dsym";
				ENABLE_NS_ASSERTIONS = NO;
				ENABLE_STRICT_OBJC_MSGSEND = YES;
				GCC_C_LANGUAGE_STANDARD = gnu11;
				GCC_NO_COMMON_BLOCKS = YES;
				GCC_WARN_64_TO_32_BIT_CONVERSION = YES;
				GCC_WARN_ABOUT_RETURN_TYPE = YES_ERROR;
				GCC_WARN_UNDECLARED_SELECTOR = YES;
				GCC_WARN_UNINITIALIZED_AUTOS = YES_AGGRESSIVE;
				GCC_WARN_UNUSED_FUNCTION = YES;
				GCC_WARN_UNUSED_VARIABLE = YES;
				IPHONEOS_DEPLOYMENT_TARGET = 12.4;
				MTL_ENABLE_DEBUG_INFO = NO;
				MTL_FAST_MATH = YES;
				SDKROOT = iphoneos;
				VALIDATE_PRODUCT = YES;
			};
			name = Release;
		};
		091BC3A82326256C00BA9E77 /* Debug */ = {
			isa = XCBuildConfiguration;
			baseConfigurationReference = BA6E67CED12E583CCE2392BA /* Pods-ProtobufDemo.debug.xcconfig */;
			buildSettings = {
				ASSETCATALOG_COMPILER_APPICON_NAME = AppIcon;
				CODE_SIGN_STYLE = Automatic;
				INFOPLIST_FILE = ProtobufDemo/Info.plist;
				LD_RUNPATH_SEARCH_PATHS = (
					"$(inherited)",
					"@executable_path/Frameworks",
				);
				PRODUCT_BUNDLE_IDENTIFIER = com.ProtobufDemo;
				PRODUCT_NAME = "$(TARGET_NAME)";
				TARGETED_DEVICE_FAMILY = "1,2";
			};
			name = Debug;
		};
		091BC3A92326256C00BA9E77 /* Release */ = {
			isa = XCBuildConfiguration;
			baseConfigurationReference = E9C892618175EE781069087C /* Pods-ProtobufDemo.release.xcconfig */;
			buildSettings = {
				ASSETCATALOG_COMPILER_APPICON_NAME = AppIcon;
				CODE_SIGN_STYLE = Automatic;
				INFOPLIST_FILE = ProtobufDemo/Info.plist;
				LD_RUNPATH_SEARCH_PATHS = (
					"$(inherited)",
					"@executable_path/Frameworks",
				);
				PRODUCT_BUNDLE_IDENTIFIER = com.ProtobufDemo;
				PRODUCT_NAME = "$(TARGET_NAME)";
				TARGETED_DEVICE_FAMILY = "1,2";
			};
			name = Release;
		};
		091BC3AB2326256C00BA9E77 /* Debug */ = {
			isa = XCBuildConfiguration;
			buildSettings = {
				BUNDLE_LOADER = "$(TEST_HOST)";
				CODE_SIGN_STYLE = Automatic;
				INFOPLIST_FILE = ProtobufDemoTests/Info.plist;
				LD_RUNPATH_SEARCH_PATHS = (
					"$(inherited)",
					"@executable_path/Frameworks",
					"@loader_path/Frameworks",
				);
				PRODUCT_BUNDLE_IDENTIFIER = com.ProtobufDemoTests;
				PRODUCT_NAME = "$(TARGET_NAME)";
				TARGETED_DEVICE_FAMILY = "1,2";
				TEST_HOST = "$(BUILT_PRODUCTS_DIR)/ProtobufDemo.app/ProtobufDemo";
			};
			name = Debug;
		};
		091BC3AC2326256C00BA9E77 /* Release */ = {
			isa = XCBuildConfiguration;
			buildSettings = {
				BUNDLE_LOADER = "$(TEST_HOST)";
				CODE_SIGN_STYLE = Automatic;
				INFOPLIST_FILE = ProtobufDemoTests/Info.plist;
				LD_RUNPATH_SEARCH_PATHS = (
					"$(inherited)",
					"@executable_path/Frameworks",
					"@loader_path/Frameworks",
				);
				PRODUCT_BUNDLE_IDENTIFIER = com.ProtobufDemoTests;
				PRODUCT_NAME = "$(TARGET_NAME)";
				TARGETED_DEVICE_FAMILY = "1,2";
				TEST_HOST = "$(BUILT_PRODUCTS_DIR)/ProtobufDemo.app/ProtobufDemo";
			};
			name = Release;
		};
		091BC3AE2326256C00BA9E77 /* Debug */ = {
			isa = XCBuildConfiguration;
			buildSettings = {
				CODE_SIGN_STYLE = Automatic;
				INFOPLIST_FILE = ProtobufDemoUITests/Info.plist;
				LD_RUNPATH_SEARCH_PATHS = (
					"$(inherited)",
					"@executable_path/Frameworks",
					"@loader_path/Frameworks",
				);
				PRODUCT_BUNDLE_IDENTIFIER = com.ProtobufDemoUITests;
				PRODUCT_NAME = "$(TARGET_NAME)";
				TARGETED_DEVICE_FAMILY = "1,2";
				TEST_TARGET_NAME = ProtobufDemo;
			};
			name = Debug;
		};
		091BC3AF2326256C00BA9E77 /* Release */ = {
			isa = XCBuildConfiguration;
			buildSettings = {
				CODE_SIGN_STYLE = Automatic;
				INFOPLIST_FILE = ProtobufDemoUITests/Info.plist;
				LD_RUNPATH_SEARCH_PATHS = (
					"$(inherited)",
					"@executable_path/Frameworks",
					"@loader_path/Frameworks",
				);
				PRODUCT_BUNDLE_IDENTIFIER = com.ProtobufDemoUITests;
				PRODUCT_NAME = "$(TARGET_NAME)";
				TARGETED_DEVICE_FAMILY = "1,2";
				TEST_TARGET_NAME = ProtobufDemo;
			};
			name = Release;
		};
/* End XCBuildConfiguration section */

/* Begin XCConfigurationList section */
		091BC3762326256B00BA9E77 /* Build configuration list for PBXProject "ProtobufDemo" */ = {
			isa = XCConfigurationList;
			buildConfigurations = (
				091BC3A52326256C00BA9E77 /* Debug */,
				091BC3A62326256C00BA9E77 /* Release */,
			);
			defaultConfigurationIsVisible = 0;
			defaultConfigurationName = Release;
		};
		091BC3A72326256C00BA9E77 /* Build configuration list for PBXNativeTarget "ProtobufDemo" */ = {
			isa = XCConfigurationList;
			buildConfigurations = (
				091BC3A82326256C00BA9E77 /* Debug */,
				091BC3A92326256C00BA9E77 /* Release */,
			);
			defaultConfigurationIsVisible = 0;
			defaultConfigurationName = Release;
		};
		091BC3AA2326256C00BA9E77 /* Build configuration list for PBXNativeTarget "ProtobufDemoTests" */ = {
			isa = XCConfigurationList;
			buildConfigurations = (
				091BC3AB2326256C00BA9E77 /* Debug */,
				091BC3AC2326256C00BA9E77 /* Release */,
			);
			defaultConfigurationIsVisible = 0;
			defaultConfigurationName = Release;
		};
		091BC3AD2326256C00BA9E77 /* Build configuration list for PBXNativeTarget "ProtobufDemoUITests" */ = {
			isa = XCConfigurationList;
			buildConfigurations = (
				091BC3AE2326256C00BA9E77 /* Debug */,
				091BC3AF2326256C00BA9E77 /* Release */,
			);
			defaultConfigurationIsVisible = 0;
			defaultConfigurationName = Release;
		};
/* End XCConfigurationList section */
	};
	rootObject = 091BC3732326256B00BA9E77 /* Project object */;
}
